
Microsoft Visual Studio Solution File, Format Version 11.00
# Visual Studio 2010
Project("{FAE04EC0-301F-11D3-BF4B-00C04F79EFBC}") = "Section4", "Section4\Section4.csproj", "{EA2C86AB-811F-4FA7-A10D-960F8C16BCE4}"
EndProject
Project("{FAE04EC0-301F-11D3-BF4B-00C04F79EFBC}") = "ShapesLib", "ShapesLib\ShapesLib.csproj", "{0B22DCC6-20DB-483B-ADFD-9154F4153143}"
EndProject
Global
	GlobalSection(SolutionConfigurationPlatforms) = preSolution
		Debug|Any CPU = Debug|Any CPU
		Release|Any CPU = Release|Any CPU
	EndGlobalSection
	GlobalSection(ProjectConfigurationPlatforms) = postSolution
		{EA2C86AB-811F-4FA7-A10D-960F8C16BCE4}.Debug|Any CPU.ActiveCfg = Debug|Any CPU
		{EA2C86AB-811F-4FA7-A10D-960F8C16BCE4}.Debug|Any CPU.Build.0 = Debug|Any CPU
		{EA2C86AB-811F-4FA7-A10D-960F8C16BCE4}.Release|Any CPU.ActiveCfg = Release|Any CPU
		{EA2C86AB-811F-4FA7-A10D-960F8C16BCE4}.Release|Any CPU.Build.0 = Release|Any CPU
		{0B22DCC6-20DB-483B-ADFD-9154F4153143}.Debug|Any CPU.ActiveCfg = Debug|Any CPU
		{0B22DCC6-20DB-483B-ADFD-9154F4153143}.Debug|Any CPU.Build.0 = Debug|Any CPU
		{0B22DCC6-20DB-483B-ADFD-9154F4153143}.Release|Any CPU.ActiveCfg = Release|Any CPU
		{0B22DCC6-20DB-483B-ADFD-9154F4153143}.Release|Any CPU.Build.0 = Release|Any CPU
	EndGlobalSection
	GlobalSection(SolutionProperties) = preSolution
		HideSolutionNode = FALSE
	EndGlobalSection
EndGlobal
