
Microsoft Visual Studio Solution File, Format Version 10.00
# Visual Studio 2008
Project("{FAE04EC0-301F-11D3-BF4B-00C04F79EFBC}") = "Section3", "Section3\Section3.csproj", "{EA2C86AB-811F-4FA7-A10D-960F8C16BCE4}"
EndProject
Project("{FAE04EC0-301F-11D3-BF4B-00C04F79EFBC}") = "FCISShapes", "FCISShapes\FCISShapes.csproj", "{4C10BB73-2A95-4132-8B2C-CEE26AAB0A93}"
EndProject
Global
	GlobalSection(SolutionConfigurationPlatforms) = preSolution
		Debug|Any CPU = Debug|Any CPU
		Release|Any CPU = Release|Any CPU
	EndGlobalSection
	GlobalSection(ProjectConfigurationPlatforms) = postSolution
		{EA2C86AB-811F-4FA7-A10D-960F8C16BCE4}.Debug|Any CPU.ActiveCfg = Debug|Any CPU
		{EA2C86AB-811F-4FA7-A10D-960F8C16BCE4}.Debug|Any CPU.Build.0 = Debug|Any CPU
		{EA2C86AB-811F-4FA7-A10D-960F8C16BCE4}.Release|Any CPU.ActiveCfg = Release|Any CPU
		{EA2C86AB-811F-4FA7-A10D-960F8C16BCE4}.Release|Any CPU.Build.0 = Release|Any CPU
		{4C10BB73-2A95-4132-8B2C-CEE26AAB0A93}.Debug|Any CPU.ActiveCfg = Debug|Any CPU
		{4C10BB73-2A95-4132-8B2C-CEE26AAB0A93}.Debug|Any CPU.Build.0 = Debug|Any CPU
		{4C10BB73-2A95-4132-8B2C-CEE26AAB0A93}.Release|Any CPU.ActiveCfg = Release|Any CPU
		{4C10BB73-2A95-4132-8B2C-CEE26AAB0A93}.Release|Any CPU.Build.0 = Release|Any CPU
	EndGlobalSection
	GlobalSection(SolutionProperties) = preSolution
		HideSolutionNode = FALSE
	EndGlobalSection
EndGlobal
