
Microsoft Visual Studio Solution File, Format Version 10.00
# Visual C# Express 2008
Project("{FAE04EC0-301F-11D3-BF4B-00C04F79EFBC}") = "Section1Part1", "Section1\Section1Part1.csproj", "{2BE72A4D-5559-4928-9FFF-8173C502B985}"
EndProject
Global
	GlobalSection(SolutionConfigurationPlatforms) = preSolution
		Debug|Any CPU = Debug|Any CPU
		Release|Any CPU = Release|Any CPU
	EndGlobalSection
	GlobalSection(ProjectConfigurationPlatforms) = postSolution
		{2BE72A4D-5559-4928-9FFF-8173C502B985}.Debug|Any CPU.ActiveCfg = Debug|Any CPU
		{2BE72A4D-5559-4928-9FFF-8173C502B985}.Debug|Any CPU.Build.0 = Debug|Any CPU
		{2BE72A4D-5559-4928-9FFF-8173C502B985}.Release|Any CPU.ActiveCfg = Release|Any CPU
		{2BE72A4D-5559-4928-9FFF-8173C502B985}.Release|Any CPU.Build.0 = Release|Any CPU
	EndGlobalSection
	GlobalSection(SolutionProperties) = preSolution
		HideSolutionNode = FALSE
	EndGlobalSection
EndGlobal
